<?xml version="1.0" encoding="utf-8"?>
<Project ToolsVersion="4.0" xmlns="http://schemas.microsoft.com/developer/msbuild/2003">
  <ItemGroup>
    <Filter Include="Source Files">
      <UniqueIdentifier>{4FC737F1-C7A5-4376-A066-2A32D752A2FF}</UniqueIdentifier>
      <Extensions>cpp;c;cc;cxx;def;odl;idl;hpj;bat;asm;asmx</Extensions>
    </Filter>
    <Filter Include="Header Files">
      <UniqueIdentifier>{93995380-89BD-4b04-88EB-625FBE52EBFB}</UniqueIdentifier>
      <Extensions>h;hpp;hxx;hm;inl;inc;xsd</Extensions>
    </Filter>
    <Filter Include="Resource Files">
      <UniqueIdentifier>{67DA6AB6-F800-4c08-8B7A-83BB121AAD01}</UniqueIdentifier>
      <Extensions>rc;ico;cur;bmp;dlg;rc2;rct;bin;rgs;gif;jpg;jpeg;jpe;resx;tiff;tif;png;wav;mfcribbon-ms</Extensions>
    </Filter>
  </ItemGroup>
  <ItemGroup>
    <ClInclude Include="Src\targetver.h">
      <Filter>Header Files</Filter>
    </ClInclude>
    <ClInclude Include="Src\stdafx.h">
      <Filter>Header Files</Filter>
    </ClInclude>
    <ClInclude Include="Src\Graphic\Engine.hpp">
      <Filter>Header Files</Filter>
    </ClInclude>
    <ClInclude Include="Src\System\Math.hpp">
      <Filter>Header Files</Filter>
    </ClInclude>
    <ClInclude Include="Src\Game.hpp">
      <Filter>Header Files</Filter>
    </ClInclude>
    <ClInclude Include="Src\Graphic\Organic.hpp">
      <Filter>Header Files</Filter>
    </ClInclude>
    <ClInclude Include="Src\GameState.hpp">
      <Filter>Header Files</Filter>
    </ClInclude>
    <ClInclude Include="Src\InGame.hpp">
      <Filter>Header Files</Filter>
    </ClInclude>
    <ClInclude Include="Src\Graphic\ExplosionEmitter.hpp">
      <Filter>Header Files</Filter>
    </ClInclude>
    <ClInclude Include="Src\Network\Server.hpp">
      <Filter>Header Files</Filter>
    </ClInclude>
    <ClInclude Include="Src\Network\Peer.hpp">
      <Filter>Header Files</Filter>
    </ClInclude>
    <ClInclude Include="Src\Network\NetManager.hpp">
      <Filter>Header Files</Filter>
    </ClInclude>
    <ClInclude Include="Src\MainMenu.hpp">
      <Filter>Header Files</Filter>
    </ClInclude>
    <ClInclude Include="Src\Graphic\Button.hpp">
      <Filter>Header Files</Filter>
    </ClInclude>
    <ClInclude Include="Src\Graphic\Gui.hpp">
      <Filter>Header Files</Filter>
    </ClInclude>
    <ClInclude Include="Src\Graphic\Image.hpp">
      <Filter>Header Files</Filter>
    </ClInclude>
    <ClInclude Include="Src\Game\Projectile.hpp">
      <Filter>Header Files</Filter>
    </ClInclude>
    <ClInclude Include="Src\Game\ProjectileLauncher.hpp">
      <Filter>Header Files</Filter>
    </ClInclude>
    <ClInclude Include="Src\Game\RigidBody.hpp">
      <Filter>Header Files</Filter>
    </ClInclude>
    <ClInclude Include="Src\Game\Unit.hpp">
      <Filter>Header Files</Filter>
    </ClInclude>
    <ClInclude Include="Src\Game\UnitManager.hpp">
      <Filter>Header Files</Filter>
    </ClInclude>
    <ClInclude Include="Src\Game\HeroUnit.hpp">
      <Filter>Header Files</Filter>
    </ClInclude>
    <ClInclude Include="Src\Game\LinearDampeningAffector.hpp">
      <Filter>Header Files</Filter>
    </ClInclude>
  </ItemGroup>
  <ItemGroup>
    <ClCompile Include="Src\GeometryMoba.cpp">
      <Filter>Source Files</Filter>
    </ClCompile>
    <ClCompile Include="Src\stdafx.cpp">
      <Filter>Source Files</Filter>
    </ClCompile>
    <ClCompile Include="Src\Graphic\Engine.cpp">
      <Filter>Source Files</Filter>
    </ClCompile>
    <ClCompile Include="Src\Game.cpp">
      <Filter>Source Files</Filter>
    </ClCompile>
    <ClCompile Include="Src\Graphic\Organic.cpp">
      <Filter>Source Files</Filter>
    </ClCompile>
    <ClCompile Include="Src\System\Math.cpp">
      <Filter>Source Files</Filter>
    </ClCompile>
    <ClCompile Include="Src\InGame.cpp">
      <Filter>Source Files</Filter>
    </ClCompile>
    <ClCompile Include="Src\Graphic\ExplosionEmitter.cpp">
      <Filter>Source Files</Filter>
    </ClCompile>
    <ClCompile Include="Src\Network\Server.cpp">
      <Filter>Source Files</Filter>
    </ClCompile>
    <ClCompile Include="Src\Network\NetManager.cpp">
      <Filter>Source Files</Filter>
    </ClCompile>
    <ClCompile Include="Src\Network\Peer.cpp">
      <Filter>Source Files</Filter>
    </ClCompile>
    <ClCompile Include="Src\MainMenu.cpp">
      <Filter>Source Files</Filter>
    </ClCompile>
    <ClCompile Include="Src\Graphic\Button.cpp">
      <Filter>Source Files</Filter>
    </ClCompile>
    <ClCompile Include="Src\Graphic\Gui.cpp">
      <Filter>Source Files</Filter>
    </ClCompile>
    <ClCompile Include="Src\Graphic\Image.cpp">
      <Filter>Source Files</Filter>
    </ClCompile>
    <ClCompile Include="Src\Game\Projectile.cpp">
      <Filter>Source Files</Filter>
    </ClCompile>
    <ClCompile Include="Src\Game\RigidBody.cpp">
      <Filter>Source Files</Filter>
    </ClCompile>
    <ClCompile Include="Src\Game\Unit.cpp">
      <Filter>Source Files</Filter>
    </ClCompile>
    <ClCompile Include="Src\Game\UnitManager.cpp">
      <Filter>Source Files</Filter>
    </ClCompile>
    <ClCompile Include="Src\Game\HeroUnit.cpp">
      <Filter>Source Files</Filter>
    </ClCompile>
    <ClCompile Include="Src\Game\LinearDampeningAffector.cpp">
      <Filter>Source Files</Filter>
    </ClCompile>
  </ItemGroup>
</Project>